
Microsoft Visual Studio Solution File, Format Version 12.00
# Visual Studio Version 16
VisualStudioVersion = 16.0.31624.102
MinimumVisualStudioVersion = 10.0.40219.1
Project("{FAE04EC0-301F-11D3-BF4B-00C04F79EFBC}") = "BibliotecaDeJogos", "BibliotecaDeJogos\BibliotecaDeJogos.csproj", "{DC36AF3F-0A1F-4450-81E3-AAF6C958C9DB}"
EndProject
Global
	GlobalSection(SolutionConfigurationPlatforms) = preSolution
		Debug|Any CPU = Debug|Any CPU
		Release|Any CPU = Release|Any CPU
	EndGlobalSection
	GlobalSection(ProjectConfigurationPlatforms) = postSolution
		{DC36AF3F-0A1F-4450-81E3-AAF6C958C9DB}.Debug|Any CPU.ActiveCfg = Debug|Any CPU
		{DC36AF3F-0A1F-4450-81E3-AAF6C958C9DB}.Debug|Any CPU.Build.0 = Debug|Any CPU
		{DC36AF3F-0A1F-4450-81E3-AAF6C958C9DB}.Release|Any CPU.ActiveCfg = Release|Any CPU
		{DC36AF3F-0A1F-4450-81E3-AAF6C958C9DB}.Release|Any CPU.Build.0 = Release|Any CPU
	EndGlobalSection
	GlobalSection(SolutionProperties) = preSolution
		HideSolutionNode = FALSE
	EndGlobalSection
	GlobalSection(ExtensibilityGlobals) = postSolution
		SolutionGuid = {86EDD08B-4703-473E-8737-9135AAFED789}
	EndGlobalSection
EndGlobal
